
Microsoft Visual Studio Solution File, Format Version 12.00
# Visual Studio Version 17
VisualStudioVersion = 17.4.33403.182
MinimumVisualStudioVersion = 10.0.40219.1
Project("{FAE04EC0-301F-11D3-BF4B-00C04F79EFBC}") = "L8_Forms_PABM_1109623", "L8_Forms_PABM_1109623.csproj", "{B8FC83E0-22A6-4679-A8ED-8A5C9DCF013E}"
EndProject
Global
	GlobalSection(SolutionConfigurationPlatforms) = preSolution
		Debug|Any CPU = Debug|Any CPU
		Release|Any CPU = Release|Any CPU
	EndGlobalSection
	GlobalSection(ProjectConfigurationPlatforms) = postSolution
		{B8FC83E0-22A6-4679-A8ED-8A5C9DCF013E}.Debug|Any CPU.ActiveCfg = Debug|Any CPU
		{B8FC83E0-22A6-4679-A8ED-8A5C9DCF013E}.Debug|Any CPU.Build.0 = Debug|Any CPU
		{B8FC83E0-22A6-4679-A8ED-8A5C9DCF013E}.Release|Any CPU.ActiveCfg = Release|Any CPU
		{B8FC83E0-22A6-4679-A8ED-8A5C9DCF013E}.Release|Any CPU.Build.0 = Release|Any CPU
	EndGlobalSection
	GlobalSection(SolutionProperties) = preSolution
		HideSolutionNode = FALSE
	EndGlobalSection
	GlobalSection(ExtensibilityGlobals) = postSolution
		SolutionGuid = {DE571DBC-DA82-4F6E-B1DD-EABEB923BD0D}
	EndGlobalSection
EndGlobal
