
Microsoft Visual Studio Solution File, Format Version 12.00
# Visual Studio Version 17
VisualStudioVersion = 17.3.32811.315
MinimumVisualStudioVersion = 10.0.40219.1
Project("{FAE04EC0-301F-11D3-BF4B-00C04F79EFBC}") = "L1P2_PABM_1109623", "L1P2_PABM_1109623.csproj", "{3252799A-D1DC-459A-8CBF-15468B506968}"
EndProject
Global
	GlobalSection(SolutionConfigurationPlatforms) = preSolution
		Debug|Any CPU = Debug|Any CPU
		Release|Any CPU = Release|Any CPU
	EndGlobalSection
	GlobalSection(ProjectConfigurationPlatforms) = postSolution
		{3252799A-D1DC-459A-8CBF-15468B506968}.Debug|Any CPU.ActiveCfg = Debug|Any CPU
		{3252799A-D1DC-459A-8CBF-15468B506968}.Debug|Any CPU.Build.0 = Debug|Any CPU
		{3252799A-D1DC-459A-8CBF-15468B506968}.Release|Any CPU.ActiveCfg = Release|Any CPU
		{3252799A-D1DC-459A-8CBF-15468B506968}.Release|Any CPU.Build.0 = Release|Any CPU
	EndGlobalSection
	GlobalSection(SolutionProperties) = preSolution
		HideSolutionNode = FALSE
	EndGlobalSection
	GlobalSection(ExtensibilityGlobals) = postSolution
		SolutionGuid = {9B3255FB-E8B6-4EB0-9B14-AB3E4F7303E2}
	EndGlobalSection
EndGlobal
