
Microsoft Visual Studio Solution File, Format Version 12.00
# Visual Studio Version 17
VisualStudioVersion = 17.4.33403.182
MinimumVisualStudioVersion = 10.0.40219.1
Project("{FAE04EC0-301F-11D3-BF4B-00C04F79EFBC}") = "L4_PABM_1109623", "L4_PABM_1109623.csproj", "{BBE44484-BEB1-4537-B091-4CA56BDAF0B1}"
EndProject
Global
	GlobalSection(SolutionConfigurationPlatforms) = preSolution
		Debug|Any CPU = Debug|Any CPU
		Release|Any CPU = Release|Any CPU
	EndGlobalSection
	GlobalSection(ProjectConfigurationPlatforms) = postSolution
		{BBE44484-BEB1-4537-B091-4CA56BDAF0B1}.Debug|Any CPU.ActiveCfg = Debug|Any CPU
		{BBE44484-BEB1-4537-B091-4CA56BDAF0B1}.Debug|Any CPU.Build.0 = Debug|Any CPU
		{BBE44484-BEB1-4537-B091-4CA56BDAF0B1}.Release|Any CPU.ActiveCfg = Release|Any CPU
		{BBE44484-BEB1-4537-B091-4CA56BDAF0B1}.Release|Any CPU.Build.0 = Release|Any CPU
	EndGlobalSection
	GlobalSection(SolutionProperties) = preSolution
		HideSolutionNode = FALSE
	EndGlobalSection
	GlobalSection(ExtensibilityGlobals) = postSolution
		SolutionGuid = {95ABA34D-B859-4051-A183-CF73E38AC854}
	EndGlobalSection
EndGlobal
